
Microsoft Visual Studio Solution File, Format Version 12.00
# Visual Studio 2013
VisualStudioVersion = 12.0.31101.0
MinimumVisualStudioVersion = 10.0.40219.1
Project("{FAE04EC0-301F-11D3-BF4B-00C04F79EFBC}") = "startupweekend.v1", "startupweekend.v1\startupweekend.v1.csproj", "{DE51C3EC-AAAF-4EA9-95FF-4991BC2B2DBE}"
EndProject
Global
	GlobalSection(SolutionConfigurationPlatforms) = preSolution
		Debug|Any CPU = Debug|Any CPU
		Release|Any CPU = Release|Any CPU
	EndGlobalSection
	GlobalSection(ProjectConfigurationPlatforms) = postSolution
		{DE51C3EC-AAAF-4EA9-95FF-4991BC2B2DBE}.Debug|Any CPU.ActiveCfg = Debug|Any CPU
		{DE51C3EC-AAAF-4EA9-95FF-4991BC2B2DBE}.Debug|Any CPU.Build.0 = Debug|Any CPU
		{DE51C3EC-AAAF-4EA9-95FF-4991BC2B2DBE}.Release|Any CPU.ActiveCfg = Release|Any CPU
		{DE51C3EC-AAAF-4EA9-95FF-4991BC2B2DBE}.Release|Any CPU.Build.0 = Release|Any CPU
	EndGlobalSection
	GlobalSection(SolutionProperties) = preSolution
		HideSolutionNode = FALSE
	EndGlobalSection
EndGlobal
